// !$*UTF8*$!
{
	archiveVersion = 1;
	classes = {
	};
	objectVersion = 50;
	objects = {

/* Begin PBXGroup section */
		06C2B4D023855EF40041E9D2 = {
			isa = PBXGroup;
			children = (
			);
			sourceTree = "<group>";
		};
/* End PBXGroup section */

/* Begin PBXProject section */
		06C2B4D123855EF50041E9D2 /* Project object */ = {
			isa = PBXProject;
			attributes = {
				LastUpgradeCheck = 1110;
			};
			buildConfigurationList = 06C2B4D423855EF50041E9D2 /* Build configuration list for PBXProject "Screenshot_ObjC" */;
			compatibilityVersion = "Xcode 9.3";
			developmentRegion = en;
			hasScannedForEncodings = 0;
			knownRegions = (
				en,
				Base,
			);
			mainGroup = 06C2B4D023855EF40041E9D2;
			projectDirPath = "";
			projectRoot = "";
			targets = (
			);
		};
/* End PBXProject section */

/* Begin XCBuildConfiguration section */
		06C2B4D223855EF50041E9D2 /* Debug */ = {
			isa = XCBuildConfiguration;
			buildSettings = {
				COPY_PHASE_STRIP = NO;
			};
			name = Debug;
		};
		06C2B4D323855EF50041E9D2 /* Release */ = {
			isa = XCBuildConfiguration;
			buildSettings = {
				COPY_PHASE_STRIP = YES;
			};
			name = Release;
		};
/* End XCBuildConfiguration section */

/* Begin XCConfigurationList section */
		06C2B4D423855EF50041E9D2 /* Build configuration list for PBXProject "Screenshot_ObjC" */ = {
			isa = XCConfigurationList;
			buildConfigurations = (
				06C2B4D223855EF50041E9D2 /* Debug */,
				06C2B4D323855EF50041E9D2 /* Release */,
			);
			defaultConfigurationIsVisible = 0;
			defaultConfigurationName = Release;
		};
/* End XCConfigurationList section */
	};
	rootObject = 06C2B4D123855EF50041E9D2 /* Project object */;
}
